
Microsoft Visual Studio Solution File, Format Version 12.00
# Visual Studio Version 17
VisualStudioVersion = 17.8.34302.71
MinimumVisualStudioVersion = 10.0.40219.1
Project("{FAE04EC0-301F-11D3-BF4B-00C04F79EFBC}") = "ControllerBasedAPIs", "ControllerBasedAPIs.csproj", "{D3564DC3-18DD-45CA-80DE-9C1ABAEB72EB}"
EndProject
Global
	GlobalSection(SolutionConfigurationPlatforms) = preSolution
		Debug|Any CPU = Debug|Any CPU
		Release|Any CPU = Release|Any CPU
	EndGlobalSection
	GlobalSection(ProjectConfigurationPlatforms) = postSolution
		{D3564DC3-18DD-45CA-80DE-9C1ABAEB72EB}.Debug|Any CPU.ActiveCfg = Debug|Any CPU
		{D3564DC3-18DD-45CA-80DE-9C1ABAEB72EB}.Debug|Any CPU.Build.0 = Debug|Any CPU
		{D3564DC3-18DD-45CA-80DE-9C1ABAEB72EB}.Release|Any CPU.ActiveCfg = Release|Any CPU
		{D3564DC3-18DD-45CA-80DE-9C1ABAEB72EB}.Release|Any CPU.Build.0 = Release|Any CPU
	EndGlobalSection
	GlobalSection(SolutionProperties) = preSolution
		HideSolutionNode = FALSE
	EndGlobalSection
	GlobalSection(ExtensibilityGlobals) = postSolution
		SolutionGuid = {FB028E4C-4C6D-48F1-84A6-F1110673046C}
	EndGlobalSection
EndGlobal
