
Microsoft Visual Studio Solution File, Format Version 12.00
# Visual Studio Version 17
VisualStudioVersion = 17.9.34310.174
MinimumVisualStudioVersion = 10.0.40219.1
Project("{FAE04EC0-301F-11D3-BF4B-00C04F79EFBC}") = "ContosoUniversity", "ContosoUniversity.csproj", "{87B2E455-E0D4-429D-B1AE-A4B066E0BBB7}"
EndProject
Global
	GlobalSection(SolutionConfigurationPlatforms) = preSolution
		Debug|Any CPU = Debug|Any CPU
		Release|Any CPU = Release|Any CPU
	EndGlobalSection
	GlobalSection(ProjectConfigurationPlatforms) = postSolution
		{87B2E455-E0D4-429D-B1AE-A4B066E0BBB7}.Debug|Any CPU.ActiveCfg = Debug|Any CPU
		{87B2E455-E0D4-429D-B1AE-A4B066E0BBB7}.Debug|Any CPU.Build.0 = Debug|Any CPU
		{87B2E455-E0D4-429D-B1AE-A4B066E0BBB7}.Release|Any CPU.ActiveCfg = Release|Any CPU
		{87B2E455-E0D4-429D-B1AE-A4B066E0BBB7}.Release|Any CPU.Build.0 = Release|Any CPU
	EndGlobalSection
	GlobalSection(SolutionProperties) = preSolution
		HideSolutionNode = FALSE
	EndGlobalSection
	GlobalSection(ExtensibilityGlobals) = postSolution
		SolutionGuid = {05E0E4CE-26A4-4A64-B0A4-7652D6B19294}
	EndGlobalSection
EndGlobal
